
Microsoft Visual Studio Solution File, Format Version 12.00
# Visual Studio Version 16
VisualStudioVersion = 16.0.28917.181
MinimumVisualStudioVersion = 10.0.40219.1
Project("{9A19103F-16F7-4668-BE54-9A1E7A4F7556}") = "DockStationDotNet.Tests", "DockStationDotNet.Tests\DockStationDotNet.Tests.csproj", "{7FFF5206-EC9E-4247-BC72-60B4B253DA26}"
EndProject
Project("{2150E333-8FDC-42A3-9474-1A3956D46DE8}") = "Solution Items", "Solution Items", "{E36AE822-573A-4504-AC8B-66CB4AB19B0F}"
	ProjectSection(SolutionItems) = preProject
		.editorconfig = .editorconfig
	EndProjectSection
EndProject
Project("{9A19103F-16F7-4668-BE54-9A1E7A4F7556}") = "DockStationDotNet", "DockStationDotNet\DockStationDotNet.csproj", "{1CBE2B57-14DA-42E6-8FD7-8CA35AEA7F59}"
EndProject
Global
	GlobalSection(SolutionConfigurationPlatforms) = preSolution
		Debug|Any CPU = Debug|Any CPU
		Release|Any CPU = Release|Any CPU
	EndGlobalSection
	GlobalSection(ProjectConfigurationPlatforms) = postSolution
		{7FFF5206-EC9E-4247-BC72-60B4B253DA26}.Debug|Any CPU.ActiveCfg = Debug|Any CPU
		{7FFF5206-EC9E-4247-BC72-60B4B253DA26}.Debug|Any CPU.Build.0 = Debug|Any CPU
		{7FFF5206-EC9E-4247-BC72-60B4B253DA26}.Release|Any CPU.ActiveCfg = Release|Any CPU
		{7FFF5206-EC9E-4247-BC72-60B4B253DA26}.Release|Any CPU.Build.0 = Release|Any CPU
		{1CBE2B57-14DA-42E6-8FD7-8CA35AEA7F59}.Debug|Any CPU.ActiveCfg = Debug|Any CPU
		{1CBE2B57-14DA-42E6-8FD7-8CA35AEA7F59}.Debug|Any CPU.Build.0 = Debug|Any CPU
		{1CBE2B57-14DA-42E6-8FD7-8CA35AEA7F59}.Release|Any CPU.ActiveCfg = Release|Any CPU
		{1CBE2B57-14DA-42E6-8FD7-8CA35AEA7F59}.Release|Any CPU.Build.0 = Release|Any CPU
	EndGlobalSection
	GlobalSection(SolutionProperties) = preSolution
		HideSolutionNode = FALSE
	EndGlobalSection
	GlobalSection(ExtensibilityGlobals) = postSolution
		SolutionGuid = {86417BBA-19E2-4E36-862D-22CA254BB518}
	EndGlobalSection
EndGlobal
